<<<<<<< Updated upstream
{
  "pid": 5772,
  "sessionId": "adf2a8f4-c0e4-495c-902d-24ec1810ccea",
  "acquiredAt": "2026-02-03T18:20:34.891Z",
  "cwd": "D:\\Programs\\Sports Betting\\TelegramScraper\\v0.0.15",
  "hostname": "SKYNET"
=======
{
  "pid": 47832,
  "sessionId": "82d182bb-a85a-4091-a422-2062bf79ae8d",
  "acquiredAt": "2026-01-30T15:24:16.891Z",
  "cwd": "D:\\Programs\\Sports Betting\\TelegramScraper\\v0.0.15",
  "hostname": "SKYNET"
>>>>>>> Stashed changes
}